// !$*UTF8*$!
{
	archiveVersion = 1;
	classes = {
	};
	objectVersion = 46;
	objects = {

/* Begin PBXBuildFile section */
		C5550CEB1971F47200AD2698 /* lebron-cavs.jpg in Resources */ = {isa = PBXBuildFile; fileRef = C5550CE81971F47200AD2698 /* lebron-cavs.jpg */; };
		C5550CEC1971F47200AD2698 /* lebron-miami.jpg in Resources */ = {isa = PBXBuildFile; fileRef = C5550CE91971F47200AD2698 /* lebron-miami.jpg */; };
		C5550CED1971F47200AD2698 /* lebron-rookie.png in Resources */ = {isa = PBXBuildFile; fileRef = C5550CEA1971F47200AD2698 /* lebron-rookie.png */; };
		C5C79AB319731BB200C46E04 /* add@2x.png in Resources */ = {isa = PBXBuildFile; fileRef = C5C79AB119731BB200C46E04 /* add@2x.png */; };
		C5C79AB419731BB200C46E04 /* remove@2x.png in Resources */ = {isa = PBXBuildFile; fileRef = C5C79AB219731BB200C46E04 /* remove@2x.png */; };
		C5CE91C0196E189000159784 /* main.m in Sources */ = {isa = PBXBuildFile; fileRef = C5CE91BF196E189000159784 /* main.m */; };
		C5CE91C3196E189000159784 /* AppDelegate.m in Sources */ = {isa = PBXBuildFile; fileRef = C5CE91C2196E189000159784 /* AppDelegate.m */; };
		C5CE91C6196E189000159784 /* SiftView.xcdatamodeld in Sources */ = {isa = PBXBuildFile; fileRef = C5CE91C4196E189000159784 /* SiftView.xcdatamodeld */; };
		C5CE91C9196E189000159784 /* ViewController.m in Sources */ = {isa = PBXBuildFile; fileRef = C5CE91C8196E189000159784 /* ViewController.m */; };
		C5CE91CC196E189000159784 /* Main.storyboard in Resources */ = {isa = PBXBuildFile; fileRef = C5CE91CA196E189000159784 /* Main.storyboard */; };
		C5CE91CE196E189000159784 /* Images.xcassets in Resources */ = {isa = PBXBuildFile; fileRef = C5CE91CD196E189000159784 /* Images.xcassets */; };
		C5CE91DA196E189000159784 /* SiftViewTests.m in Sources */ = {isa = PBXBuildFile; fileRef = C5CE91D9196E189000159784 /* SiftViewTests.m */; };
		C5CE91E6196E18F300159784 /* SiftView.m in Sources */ = {isa = PBXBuildFile; fileRef = C5CE91E5196E18F300159784 /* SiftView.m */; };
		C5CE91E9196E1D2700159784 /* SiftCardView.m in Sources */ = {isa = PBXBuildFile; fileRef = C5CE91E8196E1D2700159784 /* SiftCardView.m */; };
/* End PBXBuildFile section */

/* Begin PBXContainerItemProxy section */
		C5CE91D4196E189000159784 /* PBXContainerItemProxy */ = {
			isa = PBXContainerItemProxy;
			containerPortal = C5CE91B2196E189000159784 /* Project object */;
			proxyType = 1;
			remoteGlobalIDString = C5CE91B9196E189000159784;
			remoteInfo = SiftView;
		};
/* End PBXContainerItemProxy section */

/* Begin PBXFileReference section */
		C5550CE41971EE6600AD2698 /* SiftViewDelegate.h */ = {isa = PBXFileReference; fileEncoding = 4; lastKnownFileType = sourcecode.c.h; name = SiftViewDelegate.h; path = SiftView/SiftViewDelegate.h; sourceTree = "<group>"; };
		C5550CE81971F47200AD2698 /* lebron-cavs.jpg */ = {isa = PBXFileReference; lastKnownFileType = image.jpeg; path = "lebron-cavs.jpg"; sourceTree = "<group>"; };
		C5550CE91971F47200AD2698 /* lebron-miami.jpg */ = {isa = PBXFileReference; lastKnownFileType = image.jpeg; path = "lebron-miami.jpg"; sourceTree = "<group>"; };
		C5550CEA1971F47200AD2698 /* lebron-rookie.png */ = {isa = PBXFileReference; lastKnownFileType = image.png; path = "lebron-rookie.png"; sourceTree = "<group>"; };
		C5C79AB119731BB200C46E04 /* add@2x.png */ = {isa = PBXFileReference; lastKnownFileType = image.png; path = "add@2x.png"; sourceTree = "<group>"; };
		C5C79AB219731BB200C46E04 /* remove@2x.png */ = {isa = PBXFileReference; lastKnownFileType = image.png; path = "remove@2x.png"; sourceTree = "<group>"; };
		C5CE91BA196E189000159784 /* SiftView.app */ = {isa = PBXFileReference; explicitFileType = wrapper.application; includeInIndex = 0; path = SiftView.app; sourceTree = BUILT_PRODUCTS_DIR; };
		C5CE91BE196E189000159784 /* Info.plist */ = {isa = PBXFileReference; lastKnownFileType = text.plist.xml; path = Info.plist; sourceTree = "<group>"; };
		C5CE91BF196E189000159784 /* main.m */ = {isa = PBXFileReference; lastKnownFileType = sourcecode.c.objc; path = main.m; sourceTree = "<group>"; };
		C5CE91C1196E189000159784 /* AppDelegate.h */ = {isa = PBXFileReference; lastKnownFileType = sourcecode.c.h; path = AppDelegate.h; sourceTree = "<group>"; };
		C5CE91C2196E189000159784 /* AppDelegate.m */ = {isa = PBXFileReference; lastKnownFileType = sourcecode.c.objc; path = AppDelegate.m; sourceTree = "<group>"; };
		C5CE91C5196E189000159784 /* SiftView.xcdatamodel */ = {isa = PBXFileReference; lastKnownFileType = wrapper.xcdatamodel; path = SiftView.xcdatamodel; sourceTree = "<group>"; };
		C5CE91C7196E189000159784 /* ViewController.h */ = {isa = PBXFileReference; lastKnownFileType = sourcecode.c.h; path = ViewController.h; sourceTree = "<group>"; };
		C5CE91C8196E189000159784 /* ViewController.m */ = {isa = PBXFileReference; lastKnownFileType = sourcecode.c.objc; path = ViewController.m; sourceTree = "<group>"; };
		C5CE91CB196E189000159784 /* Base */ = {isa = PBXFileReference; lastKnownFileType = file.storyboard; name = Base; path = Base.lproj/Main.storyboard; sourceTree = "<group>"; };
		C5CE91CD196E189000159784 /* Images.xcassets */ = {isa = PBXFileReference; lastKnownFileType = folder.assetcatalog; path = Images.xcassets; sourceTree = "<group>"; };
		C5CE91D3196E189000159784 /* SiftViewTests.xctest */ = {isa = PBXFileReference; explicitFileType = wrapper.cfbundle; includeInIndex = 0; path = SiftViewTests.xctest; sourceTree = BUILT_PRODUCTS_DIR; };
		C5CE91D8196E189000159784 /* Info.plist */ = {isa = PBXFileReference; lastKnownFileType = text.plist.xml; path = Info.plist; sourceTree = "<group>"; };
		C5CE91D9196E189000159784 /* SiftViewTests.m */ = {isa = PBXFileReference; lastKnownFileType = sourcecode.c.objc; path = SiftViewTests.m; sourceTree = "<group>"; };
		C5CE91E4196E18F300159784 /* SiftView.h */ = {isa = PBXFileReference; fileEncoding = 4; lastKnownFileType = sourcecode.c.h; name = SiftView.h; path = SiftView/SiftView.h; sourceTree = "<group>"; };
		C5CE91E5196E18F300159784 /* SiftView.m */ = {isa = PBXFileReference; fileEncoding = 4; lastKnownFileType = sourcecode.c.objc; name = SiftView.m; path = SiftView/SiftView.m; sourceTree = "<group>"; };
		C5CE91E7196E1D2700159784 /* SiftCardView.h */ = {isa = PBXFileReference; fileEncoding = 4; lastKnownFileType = sourcecode.c.h; name = SiftCardView.h; path = SiftView/SiftCardView.h; sourceTree = "<group>"; };
		C5CE91E8196E1D2700159784 /* SiftCardView.m */ = {isa = PBXFileReference; fileEncoding = 4; lastKnownFileType = sourcecode.c.objc; name = SiftCardView.m; path = SiftView/SiftCardView.m; sourceTree = "<group>"; };
/* End PBXFileReference section */

/* Begin PBXFrameworksBuildPhase section */
		C5CE91B7196E189000159784 /* Frameworks */ = {
			isa = PBXFrameworksBuildPhase;
			buildActionMask = 2147483647;
			files = (
			);
			runOnlyForDeploymentPostprocessing = 0;
		};
		C5CE91D0196E189000159784 /* Frameworks */ = {
			isa = PBXFrameworksBuildPhase;
			buildActionMask = 2147483647;
			files = (
			);
			runOnlyForDeploymentPostprocessing = 0;
		};
/* End PBXFrameworksBuildPhase section */

/* Begin PBXGroup section */
		C5550CE71971F47200AD2698 /* Images */ = {
			isa = PBXGroup;
			children = (
				C5C79AB119731BB200C46E04 /* add@2x.png */,
				C5C79AB219731BB200C46E04 /* remove@2x.png */,
				C5550CE81971F47200AD2698 /* lebron-cavs.jpg */,
				C5550CE91971F47200AD2698 /* lebron-miami.jpg */,
				C5550CEA1971F47200AD2698 /* lebron-rookie.png */,
			);
			path = Images;
			sourceTree = "<group>";
		};
		C5CE91B1196E189000159784 = {
			isa = PBXGroup;
			children = (
				C5CE91BC196E189000159784 /* SiftView */,
				C5CE91D6196E189000159784 /* SiftViewTests */,
				C5CE91BB196E189000159784 /* Products */,
			);
			sourceTree = "<group>";
		};
		C5CE91BB196E189000159784 /* Products */ = {
			isa = PBXGroup;
			children = (
				C5CE91BA196E189000159784 /* SiftView.app */,
				C5CE91D3196E189000159784 /* SiftViewTests.xctest */,
			);
			name = Products;
			sourceTree = "<group>";
		};
		C5CE91BC196E189000159784 /* SiftView */ = {
			isa = PBXGroup;
			children = (
				C5CE91C1196E189000159784 /* AppDelegate.h */,
				C5CE91C2196E189000159784 /* AppDelegate.m */,
				C5CE91C7196E189000159784 /* ViewController.h */,
				C5CE91C8196E189000159784 /* ViewController.m */,
				C5550CE71971F47200AD2698 /* Images */,
				C5CE91E3196E18A300159784 /* SiftView */,
				C5CE91CA196E189000159784 /* Main.storyboard */,
				C5CE91CD196E189000159784 /* Images.xcassets */,
				C5CE91C4196E189000159784 /* SiftView.xcdatamodeld */,
				C5CE91BD196E189000159784 /* Supporting Files */,
			);
			path = SiftView;
			sourceTree = "<group>";
		};
		C5CE91BD196E189000159784 /* Supporting Files */ = {
			isa = PBXGroup;
			children = (
				C5CE91BE196E189000159784 /* Info.plist */,
				C5CE91BF196E189000159784 /* main.m */,
			);
			name = "Supporting Files";
			sourceTree = "<group>";
		};
		C5CE91D6196E189000159784 /* SiftViewTests */ = {
			isa = PBXGroup;
			children = (
				C5CE91D9196E189000159784 /* SiftViewTests.m */,
				C5CE91D7196E189000159784 /* Supporting Files */,
			);
			path = SiftViewTests;
			sourceTree = "<group>";
		};
		C5CE91D7196E189000159784 /* Supporting Files */ = {
			isa = PBXGroup;
			children = (
				C5CE91D8196E189000159784 /* Info.plist */,
			);
			name = "Supporting Files";
			sourceTree = "<group>";
		};
		C5CE91E3196E18A300159784 /* SiftView */ = {
			isa = PBXGroup;
			children = (
				C5CE91E4196E18F300159784 /* SiftView.h */,
				C5CE91E5196E18F300159784 /* SiftView.m */,
				C5CE91E7196E1D2700159784 /* SiftCardView.h */,
				C5CE91E8196E1D2700159784 /* SiftCardView.m */,
				C5550CE41971EE6600AD2698 /* SiftViewDelegate.h */,
			);
			name = SiftView;
			sourceTree = "<group>";
		};
/* End PBXGroup section */

/* Begin PBXNativeTarget section */
		C5CE91B9196E189000159784 /* SiftView */ = {
			isa = PBXNativeTarget;
			buildConfigurationList = C5CE91DD196E189000159784 /* Build configuration list for PBXNativeTarget "SiftView" */;
			buildPhases = (
				C5CE91B6196E189000159784 /* Sources */,
				C5CE91B7196E189000159784 /* Frameworks */,
				C5CE91B8196E189000159784 /* Resources */,
			);
			buildRules = (
			);
			dependencies = (
			);
			name = SiftView;
			productName = SiftView;
			productReference = C5CE91BA196E189000159784 /* SiftView.app */;
			productType = "com.apple.product-type.application";
		};
		C5CE91D2196E189000159784 /* SiftViewTests */ = {
			isa = PBXNativeTarget;
			buildConfigurationList = C5CE91E0196E189000159784 /* Build configuration list for PBXNativeTarget "SiftViewTests" */;
			buildPhases = (
				C5CE91CF196E189000159784 /* Sources */,
				C5CE91D0196E189000159784 /* Frameworks */,
				C5CE91D1196E189000159784 /* Resources */,
			);
			buildRules = (
			);
			dependencies = (
				C5CE91D5196E189000159784 /* PBXTargetDependency */,
			);
			name = SiftViewTests;
			productName = SiftViewTests;
			productReference = C5CE91D3196E189000159784 /* SiftViewTests.xctest */;
			productType = "com.apple.product-type.bundle.unit-test";
		};
/* End PBXNativeTarget section */

/* Begin PBXProject section */
		C5CE91B2196E189000159784 /* Project object */ = {
			isa = PBXProject;
			attributes = {
				LastUpgradeCheck = 0600;
				ORGANIZATIONNAME = "D2 Development";
				TargetAttributes = {
					C5CE91B9196E189000159784 = {
						CreatedOnToolsVersion = 6.0;
					};
					C5CE91D2196E189000159784 = {
						CreatedOnToolsVersion = 6.0;
						TestTargetID = C5CE91B9196E189000159784;
					};
				};
			};
			buildConfigurationList = C5CE91B5196E189000159784 /* Build configuration list for PBXProject "SiftView" */;
			compatibilityVersion = "Xcode 3.2";
			developmentRegion = English;
			hasScannedForEncodings = 0;
			knownRegions = (
				en,
				Base,
			);
			mainGroup = C5CE91B1196E189000159784;
			productRefGroup = C5CE91BB196E189000159784 /* Products */;
			projectDirPath = "";
			projectRoot = "";
			targets = (
				C5CE91B9196E189000159784 /* SiftView */,
				C5CE91D2196E189000159784 /* SiftViewTests */,
			);
		};
/* End PBXProject section */

/* Begin PBXResourcesBuildPhase section */
		C5CE91B8196E189000159784 /* Resources */ = {
			isa = PBXResourcesBuildPhase;
			buildActionMask = 2147483647;
			files = (
				C5CE91CC196E189000159784 /* Main.storyboard in Resources */,
				C5550CEB1971F47200AD2698 /* lebron-cavs.jpg in Resources */,
				C5C79AB319731BB200C46E04 /* add@2x.png in Resources */,
				C5550CED1971F47200AD2698 /* lebron-rookie.png in Resources */,
				C5CE91CE196E189000159784 /* Images.xcassets in Resources */,
				C5550CEC1971F47200AD2698 /* lebron-miami.jpg in Resources */,
				C5C79AB419731BB200C46E04 /* remove@2x.png in Resources */,
			);
			runOnlyForDeploymentPostprocessing = 0;
		};
		C5CE91D1196E189000159784 /* Resources */ = {
			isa = PBXResourcesBuildPhase;
			buildActionMask = 2147483647;
			files = (
			);
			runOnlyForDeploymentPostprocessing = 0;
		};
/* End PBXResourcesBuildPhase section */

/* Begin PBXSourcesBuildPhase section */
		C5CE91B6196E189000159784 /* Sources */ = {
			isa = PBXSourcesBuildPhase;
			buildActionMask = 2147483647;
			files = (
				C5CE91C3196E189000159784 /* AppDelegate.m in Sources */,
				C5CE91C6196E189000159784 /* SiftView.xcdatamodeld in Sources */,
				C5CE91E6196E18F300159784 /* SiftView.m in Sources */,
				C5CE91C9196E189000159784 /* ViewController.m in Sources */,
				C5CE91E9196E1D2700159784 /* SiftCardView.m in Sources */,
				C5CE91C0196E189000159784 /* main.m in Sources */,
			);
			runOnlyForDeploymentPostprocessing = 0;
		};
		C5CE91CF196E189000159784 /* Sources */ = {
			isa = PBXSourcesBuildPhase;
			buildActionMask = 2147483647;
			files = (
				C5CE91DA196E189000159784 /* SiftViewTests.m in Sources */,
			);
			runOnlyForDeploymentPostprocessing = 0;
		};
/* End PBXSourcesBuildPhase section */

/* Begin PBXTargetDependency section */
		C5CE91D5196E189000159784 /* PBXTargetDependency */ = {
			isa = PBXTargetDependency;
			target = C5CE91B9196E189000159784 /* SiftView */;
			targetProxy = C5CE91D4196E189000159784 /* PBXContainerItemProxy */;
		};
/* End PBXTargetDependency section */

/* Begin PBXVariantGroup section */
		C5CE91CA196E189000159784 /* Main.storyboard */ = {
			isa = PBXVariantGroup;
			children = (
				C5CE91CB196E189000159784 /* Base */,
			);
			name = Main.storyboard;
			sourceTree = "<group>";
		};
/* End PBXVariantGroup section */

/* Begin XCBuildConfiguration section */
		C5CE91DB196E189000159784 /* Debug */ = {
			isa = XCBuildConfiguration;
			buildSettings = {
				ALWAYS_SEARCH_USER_PATHS = NO;
				CLANG_CXX_LANGUAGE_STANDARD = "gnu++0x";
				CLANG_CXX_LIBRARY = "libc++";
				CLANG_ENABLE_MODULES = YES;
				CLANG_ENABLE_OBJC_ARC = YES;
				CLANG_WARN_BOOL_CONVERSION = YES;
				CLANG_WARN_CONSTANT_CONVERSION = YES;
				CLANG_WARN_DIRECT_OBJC_ISA_USAGE = YES_ERROR;
				CLANG_WARN_EMPTY_BODY = YES;
				CLANG_WARN_ENUM_CONVERSION = YES;
				CLANG_WARN_INT_CONVERSION = YES;
				CLANG_WARN_OBJC_ROOT_CLASS = YES_ERROR;
				CLANG_WARN_UNREACHABLE_CODE = YES;
				CLANG_WARN__DUPLICATE_METHOD_MATCH = YES;
				"CODE_SIGN_IDENTITY[sdk=iphoneos*]" = "iPhone Developer";
				COPY_PHASE_STRIP = NO;
				ENABLE_STRICT_OBJC_MSGSEND = YES;
				GCC_C_LANGUAGE_STANDARD = gnu99;
				GCC_DYNAMIC_NO_PIC = NO;
				GCC_OPTIMIZATION_LEVEL = 0;
				GCC_PREPROCESSOR_DEFINITIONS = (
					"DEBUG=1",
					"$(inherited)",
				);
				GCC_SYMBOLS_PRIVATE_EXTERN = NO;
				GCC_WARN_64_TO_32_BIT_CONVERSION = YES;
				GCC_WARN_ABOUT_RETURN_TYPE = YES_ERROR;
				GCC_WARN_UNDECLARED_SELECTOR = YES;
				GCC_WARN_UNINITIALIZED_AUTOS = YES_AGGRESSIVE;
				GCC_WARN_UNUSED_FUNCTION = YES;
				GCC_WARN_UNUSED_VARIABLE = YES;
				IPHONEOS_DEPLOYMENT_TARGET = 8.0;
				MTL_ENABLE_DEBUG_INFO = YES;
				ONLY_ACTIVE_ARCH = YES;
				SDKROOT = iphoneos;
			};
			name = Debug;
		};
		C5CE91DC196E189000159784 /* Release */ = {
			isa = XCBuildConfiguration;
			buildSettings = {
				ALWAYS_SEARCH_USER_PATHS = NO;
				CLANG_CXX_LANGUAGE_STANDARD = "gnu++0x";
				CLANG_CXX_LIBRARY = "libc++";
				CLANG_ENABLE_MODULES = YES;
				CLANG_ENABLE_OBJC_ARC = YES;
				CLANG_WARN_BOOL_CONVERSION = YES;
				CLANG_WARN_CONSTANT_CONVERSION = YES;
				CLANG_WARN_DIRECT_OBJC_ISA_USAGE = YES_ERROR;
				CLANG_WARN_EMPTY_BODY = YES;
				CLANG_WARN_ENUM_CONVERSION = YES;
				CLANG_WARN_INT_CONVERSION = YES;
				CLANG_WARN_OBJC_ROOT_CLASS = YES_ERROR;
				CLANG_WARN_UNREACHABLE_CODE = YES;
				CLANG_WARN__DUPLICATE_METHOD_MATCH = YES;
				"CODE_SIGN_IDENTITY[sdk=iphoneos*]" = "iPhone Developer";
				COPY_PHASE_STRIP = YES;
				ENABLE_NS_ASSERTIONS = NO;
				ENABLE_STRICT_OBJC_MSGSEND = YES;
				GCC_C_LANGUAGE_STANDARD = gnu99;
				GCC_WARN_64_TO_32_BIT_CONVERSION = YES;
				GCC_WARN_ABOUT_RETURN_TYPE = YES_ERROR;
				GCC_WARN_UNDECLARED_SELECTOR = YES;
				GCC_WARN_UNINITIALIZED_AUTOS = YES_AGGRESSIVE;
				GCC_WARN_UNUSED_FUNCTION = YES;
				GCC_WARN_UNUSED_VARIABLE = YES;
				IPHONEOS_DEPLOYMENT_TARGET = 8.0;
				MTL_ENABLE_DEBUG_INFO = NO;
				SDKROOT = iphoneos;
				VALIDATE_PRODUCT = YES;
			};
			name = Release;
		};
		C5CE91DE196E189000159784 /* Debug */ = {
			isa = XCBuildConfiguration;
			buildSettings = {
				ASSETCATALOG_COMPILER_APPICON_NAME = AppIcon;
				ASSETCATALOG_COMPILER_LAUNCHIMAGE_NAME = LaunchImage;
				INFOPLIST_FILE = SiftView/Info.plist;
				LD_RUNPATH_SEARCH_PATHS = "$(inherited) @executable_path/Frameworks";
				PRODUCT_NAME = "$(TARGET_NAME)";
			};
			name = Debug;
		};
		C5CE91DF196E189000159784 /* Release */ = {
			isa = XCBuildConfiguration;
			buildSettings = {
				ASSETCATALOG_COMPILER_APPICON_NAME = AppIcon;
				ASSETCATALOG_COMPILER_LAUNCHIMAGE_NAME = LaunchImage;
				INFOPLIST_FILE = SiftView/Info.plist;
				LD_RUNPATH_SEARCH_PATHS = "$(inherited) @executable_path/Frameworks";
				PRODUCT_NAME = "$(TARGET_NAME)";
			};
			name = Release;
		};
		C5CE91E1196E189000159784 /* Debug */ = {
			isa = XCBuildConfiguration;
			buildSettings = {
				BUNDLE_LOADER = "$(BUILT_PRODUCTS_DIR)/SiftView.app/SiftView";
				FRAMEWORK_SEARCH_PATHS = (
					"$(SDKROOT)/Developer/Library/Frameworks",
					"$(inherited)",
				);
				GCC_PREPROCESSOR_DEFINITIONS = (
					"DEBUG=1",
					"$(inherited)",
				);
				INFOPLIST_FILE = SiftViewTests/Info.plist;
				LD_RUNPATH_SEARCH_PATHS = "$(inherited) @executable_path/Frameworks @loader_path/Frameworks";
				PRODUCT_NAME = "$(TARGET_NAME)";
				TEST_HOST = "$(BUNDLE_LOADER)";
			};
			name = Debug;
		};
		C5CE91E2196E189000159784 /* Release */ = {
			isa = XCBuildConfiguration;
			buildSettings = {
				BUNDLE_LOADER = "$(BUILT_PRODUCTS_DIR)/SiftView.app/SiftView";
				FRAMEWORK_SEARCH_PATHS = (
					"$(SDKROOT)/Developer/Library/Frameworks",
					"$(inherited)",
				);
				INFOPLIST_FILE = SiftViewTests/Info.plist;
				LD_RUNPATH_SEARCH_PATHS = "$(inherited) @executable_path/Frameworks @loader_path/Frameworks";
				PRODUCT_NAME = "$(TARGET_NAME)";
				TEST_HOST = "$(BUNDLE_LOADER)";
			};
			name = Release;
		};
/* End XCBuildConfiguration section */

/* Begin XCConfigurationList section */
		C5CE91B5196E189000159784 /* Build configuration list for PBXProject "SiftView" */ = {
			isa = XCConfigurationList;
			buildConfigurations = (
				C5CE91DB196E189000159784 /* Debug */,
				C5CE91DC196E189000159784 /* Release */,
			);
			defaultConfigurationIsVisible = 0;
			defaultConfigurationName = Release;
		};
		C5CE91DD196E189000159784 /* Build configuration list for PBXNativeTarget "SiftView" */ = {
			isa = XCConfigurationList;
			buildConfigurations = (
				C5CE91DE196E189000159784 /* Debug */,
				C5CE91DF196E189000159784 /* Release */,
			);
			defaultConfigurationIsVisible = 0;
			defaultConfigurationName = Release;
		};
		C5CE91E0196E189000159784 /* Build configuration list for PBXNativeTarget "SiftViewTests" */ = {
			isa = XCConfigurationList;
			buildConfigurations = (
				C5CE91E1196E189000159784 /* Debug */,
				C5CE91E2196E189000159784 /* Release */,
			);
			defaultConfigurationIsVisible = 0;
			defaultConfigurationName = Release;
		};
/* End XCConfigurationList section */

/* Begin XCVersionGroup section */
		C5CE91C4196E189000159784 /* SiftView.xcdatamodeld */ = {
			isa = XCVersionGroup;
			children = (
				C5CE91C5196E189000159784 /* SiftView.xcdatamodel */,
			);
			currentVersion = C5CE91C5196E189000159784 /* SiftView.xcdatamodel */;
			path = SiftView.xcdatamodeld;
			sourceTree = "<group>";
			versionGroupType = wrapper.xcdatamodel;
		};
/* End XCVersionGroup section */
	};
	rootObject = C5CE91B2196E189000159784 /* Project object */;
}
